{
    "_meta": {
        "hash": {
            "sha256": "bbb0257d296cb05933bd3bb055fcabb6955ed044abc0cde784e21be7edb92a5e"
        },
        "pipfile-spec": 6,
        "requires": {
            "python_version": "3.10"
        },
        "sources": [
            {
                "name": "pypi",
                "url": "https://pypi.org/simple",
                "verify_ssl": true
            }
        ]
    },
    "default": {
        "attrs": {
            "hashes": [
                "sha256:08a96c641c3a74e44eb59afb61a24f2cb9f4d7188748e76ba4bb5edfa3cb7d1c",
                "sha256:f7b7ce16570fe9965acd6d30101a28f62fb4a7f9e926b3bbc9b61f8b04247e72"
            ],
            "markers": "python_version >= '2.7' and python_version not in '3.0, 3.1, 3.2, 3.3'",
            "version": "==19.3.0"
        },
        "markdown-it-py": {
            "hashes": [
                "sha256:5dd00ac0876d3b8ff40ad577539cb5d9f39a5ae103597c117587ff45283dbdbc",
                "sha256:690b47b9908f1bdbbf91bfdcf19720e77a768160fb8004ec00529e575c16d325"
            ],
            "index": "pypi",
            "version": "==0.4.0"
        },
        "pydantic": {
            "hashes": [
                "sha256:01aea3a42c13f2602b7ecbbea484a98169fb568ebd9e247593ea05f01b884b2e",
                "sha256:0cd181f1d0b1d00e2b705f1bf1ac7799a2d938cce3376b8007df62b29be3c2c6",
                "sha256:10a86d8c8db68086f1e30a530f7d5f83eb0685e632e411dbbcf2d5c0150e8dcd",
                "sha256:193924c563fae6ddcb71d3f06fa153866423ac1b793a47936656e806b64e24ca",
                "sha256:464855a7ff7f2cc2cf537ecc421291b9132aa9c79aef44e917ad711b4a93163b",
                "sha256:516f1ed9bc2406a0467dd777afc636c7091d71f214d5e413d64fef45174cfc7a",
                "sha256:6434b49c0b03a51021ade5c4daa7d70c98f7a79e95b551201fff682fc1661245",
                "sha256:64d34ab766fa056df49013bb6e79921a0265204c071984e75a09cbceacbbdd5d",
                "sha256:670bb4683ad1e48b0ecb06f0cfe2178dcf74ff27921cdf1606e527d2617a81ee",
                "sha256:68792151e174a4aa9e9fc1b4e653e65a354a2fa0fed169f7b3d09902ad2cb6f1",
                "sha256:701daea9ffe9d26f97b52f1d157e0d4121644f0fcf80b443248434958fd03dc3",
                "sha256:7d45fc99d64af9aaf7e308054a0067fdcd87ffe974f2442312372dfa66e1001d",
                "sha256:80b1fab4deb08a8292d15e43a6edccdffa5377a36a4597bb545b93e79c5ff0a5",
                "sha256:82dffb306dd20bd5268fd6379bc4bfe75242a9c2b79fec58e1041fbbdb1f7914",
                "sha256:8c7f51861d73e8b9ddcb9916ae7ac39fb52761d9ea0df41128e81e2ba42886cd",
                "sha256:950ce33857841f9a337ce07ddf46bc84e1c4946d2a3bba18f8280297157a3fd1",
                "sha256:976cae77ba6a49d80f461fd8bba183ff7ba79f44aa5cfa82f1346b5626542f8e",
                "sha256:9f6f0fd68d73257ad6685419478c5aece46432f4bdd8d32c7345f1986496171e",
                "sha256:a7cd2251439988b413cb0a985c4ed82b6c6aac382dbaff53ae03c4b23a70e80a",
                "sha256:abfb7d4a7cd5cc4e1d1887c43503a7c5dd608eadf8bc615413fc498d3e4645cd",
                "sha256:ae150a63564929c675d7f2303008d88426a0add46efd76c3fc797cd71cb1b46f",
                "sha256:b0f85904f73161817b80781cc150f8b906d521fa11e3cdabae19a581c3606209",
                "sha256:b4a849d10f211389502059c33332e91327bc154acc1845f375a99eca3afa802d",
                "sha256:c15582f9055fbc1bfe50266a19771bbbef33dd28c45e78afbe1996fd70966c2a",
                "sha256:c230c0d8a322276d6e7b88c3f7ce885f9ed16e0910354510e0bae84d54991143",
                "sha256:cc1dde4e50a5fc1336ee0581c1612215bc64ed6d28d2c7c6f25d2fe3e7c3e918",
                "sha256:cf135c46099ff3f919d2150a948ce94b9ce545598ef2c6c7bf55dca98a304b52",
                "sha256:cfc83c0678b6ba51b0532bea66860617c4cd4251ecf76e9846fa5a9f3454e97e",
                "sha256:d2a5ebb48958754d386195fe9e9c5106f11275867051bf017a8059410e9abf1f",
                "sha256:d71e69699498b020ea198468e2480a2f1e7433e32a3a99760058c6520e2bea7e",
                "sha256:d75ae19d2a3dbb146b6f324031c24f8a3f52ff5d6a9f22f0683694b3afcb16fb",
                "sha256:dfe2507b8ef209da71b6fb5f4e597b50c5a34b78d7e857c4f8f3115effaef5fe",
                "sha256:e0cfe895a504c060e5d36b287ee696e2fdad02d89e0d895f83037245218a87fe",
                "sha256:e79e999e539872e903767c417c897e729e015872040e56b96e67968c3b918b2d",
                "sha256:ecbbc51391248116c0a055899e6c3e7ffbb11fb5e2a4cd6f2d0b93272118a209",
                "sha256:f4a2b50e2b03d5776e7f21af73e2070e1b5c0d0df255a827e7c632962f8315af"
            ],
            "index": "pypi",
            "version": "==1.10.7"
        },
        "typing-extensions": {
            "hashes": [
                "sha256:5cb5f4a79139d699607b3ef622a1dedafa84e115ab0024e0d9c044a9479ca7cb",
                "sha256:fb33085c39dd998ac16d1431ebc293a8b3eedd00fd4a32de0ff79002c19511b4"
            ],
            "markers": "python_version >= '3.7'",
            "version": "==4.5.0"
        },
        "ujson": {
            "hashes": [
                "sha256:0762a4fdf86e01f3f8d8b6b7158d01fdd870799ff3f402b676e358fcd879e7eb",
                "sha256:10095160dbe6bba8059ad6677a01da251431f4c68041bf796dcac0956b34f8f7",
                "sha256:1a485117f97312bef45f5d79d2ff97eff4da503b8a04f3691f59d31141686459",
                "sha256:1cef44ea4973344baed3d50a5da4a8843de3a6af7dea7fadf0a594e53ce5892f",
                "sha256:1dc2f46c31ef22b0aaa28cd71be897bea271e700636658d573df9c43c49ebbd0",
                "sha256:21678d7e068707e4d54bdfeb8c250ebc548b51e499aed778b22112ca31a79669",
                "sha256:278aa9d7cb56435c96d19f5d702e026bcf69f824e24b41e9b52706abd3565837",
                "sha256:2ab011e3556a9a1d9461bd686870c527327765ed02fe53550531d6609a8a33ff",
                "sha256:2d90414e3b4b44b39825049185959488e084ea7fcaf6124afd5c00893938b09d",
                "sha256:2e506ecf89b6b9d304362ccef770831ec242a52c89dab1b4aabf1ab0eb1d5ed6",
                "sha256:33cd9084fefc74cbacf88c92fd260b61211e00bcde38d640c369e5dc34a2b4e1",
                "sha256:3b74467564814fbce322427a5664e6bcc7dae6dbc8acbef76300fe43ca4072ab",
                "sha256:3f3f4240d99d55eb97cb012e9adf401f5ed9cd827af0341ac44603832202b0d2",
                "sha256:3fe1aea596f9539fc20cd9e52f098c842afc090168824fd4ca9744fe13151a03",
                "sha256:4a8cb3c8637006c5bd8237ebb5992a76ba06e39988ad5cff2096227443e8fd6a",
                "sha256:4ef4ab8352861b99bd7fedb1fc6df3ea7f7d5216c789ba6d859e4ea06f1a4c45",
                "sha256:5035bb997d163f346c22abcec75190e7e756a5349e7c708bd3d5fd7066a9a854",
                "sha256:593a0f6fb0e186c5ba65465ed6f6215a30d1efa898c25e74de1c8577a1bff6d0",
                "sha256:59cdcd934385f36e8bd76aedc234371cc75c848d95bdce804ac8aa8744cfeffa",
                "sha256:5a9b1320d8363a42d857fae8065a2174d38217cdd58cd8dc4f48d54e0591271e",
                "sha256:5f9681ec4c60d0da590552427d770636d9079038c30b265f507ccde23caa7823",
                "sha256:5fd797a4837ba10671954e7c09010cec7aca67e09d193f4920a16beea5f66f65",
                "sha256:6019e3480d933d3698f2ecb4b46d64bfadd64e718f04fac36e681f3254b49a93",
                "sha256:603607f56a0ee84d9cd2c7e9b1d29b18a70684b94ee34f07b9ffe8dc9c8a9f81",
                "sha256:60a4b481978ea2aad8fe8af1ecc271624d01b3cf4b09e9b643dd2fe19c07634c",
                "sha256:6b9812638d7aa8ecda2e8e1513fb4da999249603bffab7439a5f8f0bb362b0db",
                "sha256:6c7ae6e0778ab9610f5e80e0595957d101ab8de18c32a8c053a19943ef4831d0",
                "sha256:6f83be8257b2f2dd6dea5ee62cd28db90584da7a7af1fba77a2102fc7943638a",
                "sha256:701e81e047f5c0cffd4ac828efca68b0bd270c616654966a051e9a5f836b385e",
                "sha256:703fd69d9cb21d6ec2086789df9be2cf8140a76ff127050c24007ea8940dcd3b",
                "sha256:7471d4486f23518cff343f1eec6c68d1b977ed74c3e6cc3e1ac896b9b7d68645",
                "sha256:765d46f3d5e7a1d48075035e2d1a9164f683e3fccde834ca04602e6c588835bc",
                "sha256:7a09d203983104918c62f2eef9406f24c355511f9217967df23e70fa7f5b54ff",
                "sha256:7c20cc83b0df47129ec6ed8a47fa7dcfc309c5bad029464004162738502568bb",
                "sha256:7d7cfac2547c93389fa303fc0c0eb6698825564e8389c41c9b60009c746207b6",
                "sha256:7d87c817b292efb748f1974f37e8bb8a8772ef92f05f84e507159360814bcc3f",
                "sha256:8141f654432cf75144d6103bfac2286b8adf23467201590b173a74535d6be22d",
                "sha256:849f2ff40264152f25589cb48ddb4a43d14db811f841ec73989bfc0c8c4853fa",
                "sha256:880c84ce59f49776cf120f77e7ca04877c97c6887917078dbc369eb47004d7cf",
                "sha256:94874584b733a18b310b0e954d53168e62cd4a0fd9db85b1903f0902a7eb33e8",
                "sha256:95603eff711b8f3b9596e1c961dbeb745a792ba1904141612f194e07edd71e5f",
                "sha256:9585892091ae86045135d6a6129a644142d6a51b23e1428bb5de6d10bc0ce0c7",
                "sha256:977bf5be704a88d46bf5b228df8b44521b1f3119d741062191608b3a6a38f224",
                "sha256:9cdc46859024501c20ab74ad542cdf2f08b94b5ce384f2f569483fa3ed926d04",
                "sha256:a34a5f034b339f69ef7f6a134c22d04b92e07b6ddc1dd65382e7e4ec65d6437d",
                "sha256:a655f7b755cfc5c07f2116b6dcf0ba148c89adef9a6d40c1b0f1fada878c4345",
                "sha256:a7d12f2d2df195c8c4e49d2cdbad640353a856c62ca2c624d8b47aa33b65a2a2",
                "sha256:abfe83e082c9208891e2158c1b5044a650ecec408b823bf6bf16cd7f8085cafa",
                "sha256:b25077a971c7da47bd6846a912a747f6963776d90720c88603b1b55d81790780",
                "sha256:bf416a93e1331820c77e3429df26946dbd4fe105e9b487cd2d1b7298b75784a8",
                "sha256:c04ae27e076d81a3839047d8eed57c1e17e361640616fd520d752375e3ba8f0c",
                "sha256:d5bea13c73f36c4346808df3fa806596163a7962b6d28001ca2a391cab856089",
                "sha256:d75bef34e69e7effb7b4849e3f830e3174d2cc6ec7273503fdde111c222dc9b3",
                "sha256:d93940664a5ccfd79f72dcb939b0c31a3479889f14f0eb95ec52976f8c0cae7d",
                "sha256:d9c89c521dc90c7564358e525f849b93ad1d710553c1491f66b8cce8113bc901",
                "sha256:e0b36257dc90194784531c3b922d8d31fb2b4d8e5adfd27aff4eee7174176365",
                "sha256:e1135264bcd40965cd35b0869e36952f54825024befdc7a923df9a7d83cfd800",
                "sha256:e510d288e613d6927796dfb728e13e4530fc83b9ccac5888a21f7860486eab21",
                "sha256:ee9a2c9a4b2421e77f8fe33ed0621dea03c66c710707553020b1e32f3afb6240",
                "sha256:f19f11055ba2961eb39bdb1ff15763a53fca4fa0b5b624da3c7a528e83cdd09c",
                "sha256:f26544bc10c83a2ff9aa2e093500c1b473f327faae31fb468d591e5823333376",
                "sha256:f4875cafc9a6482c04c7df52a725d1c41beb74913c0ff4ec8f189f1954a2afe9",
                "sha256:f5179088ef6487c475604b7898731a6ddeeada7702cfb2162155b016703a8475",
                "sha256:f63d1ae1ca17bb2c847e298c7bcf084a73d56d434b4c50509fb93a4b4300b0b2",
                "sha256:ff4928dc1e9704b567171c16787238201fdbf023665573c12c02146fe1e02eec"
            ],
            "index": "pypi",
            "version": "==5.5.0"
        }
    },
    "develop": {}
}
