{
    "_meta": {
        "hash": {
            "sha256": "c36447056b92ef4b7f5f85d05f425eed2ee2a058a89917f5b605af8645a57056"
        },
        "pipfile-spec": 6,
        "requires": {
            "python_version": "3.10"
        },
        "sources": [
            {
                "name": "pypi",
                "url": "https://pypi.org/simple",
                "verify_ssl": true
            }
        ]
    },
    "default": {
        "attrs": {
            "hashes": [
                "sha256:08a96c641c3a74e44eb59afb61a24f2cb9f4d7188748e76ba4bb5edfa3cb7d1c",
                "sha256:f7b7ce16570fe9965acd6d30101a28f62fb4a7f9e926b3bbc9b61f8b04247e72"
            ],
            "markers": "python_version >= '2.7' and python_version not in '3.0, 3.1, 3.2, 3.3'",
            "version": "==19.3.0"
        },
        "markdown-it-py": {
            "hashes": [
                "sha256:5dd00ac0876d3b8ff40ad577539cb5d9f39a5ae103597c117587ff45283dbdbc",
                "sha256:690b47b9908f1bdbbf91bfdcf19720e77a768160fb8004ec00529e575c16d325"
            ],
            "index": "pypi",
            "version": "==0.4.0"
        },
        "pydantic": {
            "hashes": [
                "sha256:01aea3a42c13f2602b7ecbbea484a98169fb568ebd9e247593ea05f01b884b2e",
                "sha256:0cd181f1d0b1d00e2b705f1bf1ac7799a2d938cce3376b8007df62b29be3c2c6",
                "sha256:10a86d8c8db68086f1e30a530f7d5f83eb0685e632e411dbbcf2d5c0150e8dcd",
                "sha256:193924c563fae6ddcb71d3f06fa153866423ac1b793a47936656e806b64e24ca",
                "sha256:464855a7ff7f2cc2cf537ecc421291b9132aa9c79aef44e917ad711b4a93163b",
                "sha256:516f1ed9bc2406a0467dd777afc636c7091d71f214d5e413d64fef45174cfc7a",
                "sha256:6434b49c0b03a51021ade5c4daa7d70c98f7a79e95b551201fff682fc1661245",
                "sha256:64d34ab766fa056df49013bb6e79921a0265204c071984e75a09cbceacbbdd5d",
                "sha256:670bb4683ad1e48b0ecb06f0cfe2178dcf74ff27921cdf1606e527d2617a81ee",
                "sha256:68792151e174a4aa9e9fc1b4e653e65a354a2fa0fed169f7b3d09902ad2cb6f1",
                "sha256:701daea9ffe9d26f97b52f1d157e0d4121644f0fcf80b443248434958fd03dc3",
                "sha256:7d45fc99d64af9aaf7e308054a0067fdcd87ffe974f2442312372dfa66e1001d",
                "sha256:80b1fab4deb08a8292d15e43a6edccdffa5377a36a4597bb545b93e79c5ff0a5",
                "sha256:82dffb306dd20bd5268fd6379bc4bfe75242a9c2b79fec58e1041fbbdb1f7914",
                "sha256:8c7f51861d73e8b9ddcb9916ae7ac39fb52761d9ea0df41128e81e2ba42886cd",
                "sha256:950ce33857841f9a337ce07ddf46bc84e1c4946d2a3bba18f8280297157a3fd1",
                "sha256:976cae77ba6a49d80f461fd8bba183ff7ba79f44aa5cfa82f1346b5626542f8e",
                "sha256:9f6f0fd68d73257ad6685419478c5aece46432f4bdd8d32c7345f1986496171e",
                "sha256:a7cd2251439988b413cb0a985c4ed82b6c6aac382dbaff53ae03c4b23a70e80a",
                "sha256:abfb7d4a7cd5cc4e1d1887c43503a7c5dd608eadf8bc615413fc498d3e4645cd",
                "sha256:ae150a63564929c675d7f2303008d88426a0add46efd76c3fc797cd71cb1b46f",
                "sha256:b0f85904f73161817b80781cc150f8b906d521fa11e3cdabae19a581c3606209",
                "sha256:b4a849d10f211389502059c33332e91327bc154acc1845f375a99eca3afa802d",
                "sha256:c15582f9055fbc1bfe50266a19771bbbef33dd28c45e78afbe1996fd70966c2a",
                "sha256:c230c0d8a322276d6e7b88c3f7ce885f9ed16e0910354510e0bae84d54991143",
                "sha256:cc1dde4e50a5fc1336ee0581c1612215bc64ed6d28d2c7c6f25d2fe3e7c3e918",
                "sha256:cf135c46099ff3f919d2150a948ce94b9ce545598ef2c6c7bf55dca98a304b52",
                "sha256:cfc83c0678b6ba51b0532bea66860617c4cd4251ecf76e9846fa5a9f3454e97e",
                "sha256:d2a5ebb48958754d386195fe9e9c5106f11275867051bf017a8059410e9abf1f",
                "sha256:d71e69699498b020ea198468e2480a2f1e7433e32a3a99760058c6520e2bea7e",
                "sha256:d75ae19d2a3dbb146b6f324031c24f8a3f52ff5d6a9f22f0683694b3afcb16fb",
                "sha256:dfe2507b8ef209da71b6fb5f4e597b50c5a34b78d7e857c4f8f3115effaef5fe",
                "sha256:e0cfe895a504c060e5d36b287ee696e2fdad02d89e0d895f83037245218a87fe",
                "sha256:e79e999e539872e903767c417c897e729e015872040e56b96e67968c3b918b2d",
                "sha256:ecbbc51391248116c0a055899e6c3e7ffbb11fb5e2a4cd6f2d0b93272118a209",
                "sha256:f4a2b50e2b03d5776e7f21af73e2070e1b5c0d0df255a827e7c632962f8315af"
            ],
            "index": "pypi",
            "version": "==1.10.7"
        },
        "typing-extensions": {
            "hashes": [
                "sha256:5cb5f4a79139d699607b3ef622a1dedafa84e115ab0024e0d9c044a9479ca7cb",
                "sha256:fb33085c39dd998ac16d1431ebc293a8b3eedd00fd4a32de0ff79002c19511b4"
            ],
            "markers": "python_version >= '3.7'",
            "version": "==4.5.0"
        },
        "ujson": {
            "hashes": [
                "sha256:0f0f21157d1a84ad5fb54388f31767cde9c1a48fb29de7ef91d8887fdc2ca92b",
                "sha256:1217326ba80eab1ff3f644f9eee065bd4fcc4e0c068a2f86f851cafd05737169",
                "sha256:169b3fbd1188647c6ce00cb690915526aff86997c89a94c1b50432010ad7ae0f",
                "sha256:1a7e4023c79d9a053c0c6b7c6ec50ea0af78381539ab27412e6af8d9410ae555",
                "sha256:20d929a27822cb79e034cc5e0bb62daa0257ab197247cb6f35d5149f2f438983",
                "sha256:213e41dc501b4a6d029873039da3e45ba7766b9f9eba97ecc4287c371f5403cc",
                "sha256:23051f062bb257a87f3e55ea5a055ea98d56f08185fd415b34313268fa4d814e",
                "sha256:24d40e01accbf4f0ba5181c4db1bac83749fdc1a5413466da582529f2a096085",
                "sha256:2a24b9a96364f943a4754fa00b47855d0a01b84ac4b8b11ebf058c8fb68c1f77",
                "sha256:2cb7a4bd91de97b4c8e57fb5289d1e5f3f019723b59d01d79e2df83783dce5a6",
                "sha256:31288f85db6295ec63e128daff7285bb0bc220935e1b5107bd2d67e2dc687b7e",
                "sha256:35423460954d0c61602da734697724e8dd5326a8aa7900123e584b935116203e",
                "sha256:355ef5311854936b9edc7f1ce638f8257cb45fb6b9873f6b2d16a715eafc9570",
                "sha256:3a68a204386648ec92ae9b526c1ffca528f38221eca70f98b4709390c3204275",
                "sha256:3ad74eb53ee07e76c82f9ef8e7256c33873b81bd1f97a274fdb65ed87c2801f6",
                "sha256:3b49a1014d396b962cb1d6c5f867f88b2c9aa9224c3860ee6ff63b2837a2965b",
                "sha256:3f00dff3bf26bbb96791ceaf51ca95a3f34e2a21985748da855a650c38633b99",
                "sha256:3f8b9e8c0420ce3dcc193ab6dd5628840ba79ad1b76e1816ac7ca6752c6bf035",
                "sha256:52f536712d16a1f4e0f9d084982c28e11b7e70c397a1059069e4d28d53b3f522",
                "sha256:551408a5c4306839b4a4f91503c96069204dbef2c7ed91a9dab08874ac1ed679",
                "sha256:57904e5b49ffe93189349229dcd83f73862ef9bb8517e8f1e62d0ff73f313847",
                "sha256:5e5715b0e2767b1987ceed0066980fc0a53421dd2f197b4f88460d474d6aef4c",
                "sha256:61fdf24f7bddc402ce06b25e4bed7bf5ee4f03e23028a0a09116835c21d54888",
                "sha256:6d0a60c5f065737a81249c819475d001a86da9a41900d888287e34619c9b4851",
                "sha256:6ea9024749a41864bffb12da15aace4a3193c03ea97e77b069557aefa342811f",
                "sha256:7174e81c137d480abe2f8036e9fb69157e509f2db0bfdee4488eb61dc3f0ff6b",
                "sha256:72fa6e850831280a46704032721c75155fd41b839ddadabb6068ab218c56a37a",
                "sha256:74671d1bde8c03daeb92abdbd972960978347b1a1d432c4c1b3c9284ce4094cf",
                "sha256:798116b88158f13ed687417526100ef353ba4692e0aef8afbc622bd4bf7e9057",
                "sha256:7a66c5a75b46545361271b4cf55560d9ad8bad794dd054a14b3fbb031407948e",
                "sha256:7bde16cb18b95a8f68cc48715e4652b394b4fee68cb3f9fee0fd7d26b29a53b6",
                "sha256:82bf24ea72a73c7d77402a7adc954931243e7ec4241d5738ae74894b53944458",
                "sha256:87578ccfc35461c77e73660fb7d89bc577732f671364f442bda9e2c58b571765",
                "sha256:91000612a2c30f50c6a009e6459a677e5c1972e51b59ecefd6063543dc47a4e9",
                "sha256:9cf04fcc958bb52a6b6c301b780cb9afab3ec68713b17ca5aa423e1f99c2c1cf",
                "sha256:9f4efcac06f45183b6ed8e2321554739a964a02d8aa3089ec343253d86bf2804",
                "sha256:a51cbe614acb5ea8e2006e4fd80b4e8ea7c51ae51e42c75290012f4925a9d6ab",
                "sha256:a8795de7ceadf84bcef88f947f91900d647eda234a2c6cc89912c25048cc0490",
                "sha256:ae723b8308ac17a591bb8be9478b58c2c26fada23fd2211fc323796801ad7ff5",
                "sha256:aff708a1b9e2d4979f74375ade0bff978be72c8bd90422a756d24d8a46d78059",
                "sha256:b2aece7a92dffc9c78787f5f36e47e24b95495812270c27abc2fa430435a931d",
                "sha256:b4420bfff18ca6aa39cfb22fe35d8aba3811fa1190c4f4e1ad816b0aad72f7e3",
                "sha256:b64d2ac99503a9a5846157631addacc9f74e23f64d5a886fe910e9662660fa10",
                "sha256:b72d4d948749e9c6afcd3d7af9ecc780fccde84e26d275c97273dd83c68a488b",
                "sha256:b74396a655ac8a5299dcb765b4a17ba706e45c0df95818bcc6c13c4645a1c38e",
                "sha256:b9e9d26600020cf635a4e58763959f5a59f8c70f75d72ebf26ceae94c2efac74",
                "sha256:bca074d08f0677f05df8170b25ce6e61db3bcdfda78062444972fa6508dc825f",
                "sha256:bca3c06c3f10ce03fa80b1301dce53765815c2578a24bd141ce4e5769bb7b709",
                "sha256:bfb1fdf61763fafc0f8a20becf9cc4287c14fc41c0e14111d28c0d0dfda9ba56",
                "sha256:c169e12642f0edf1dde607fb264721b88787b55a6da5fb3824302a9cac6f9405",
                "sha256:c4277f6b1d24be30b7f87ec5346a87693cbc1e55bbc5877f573381b2250c4dd6",
                "sha256:ceee5aef3e234c7e998fdb52e5236c41e50cdedc116360f7f1874a04829f6490",
                "sha256:d1b5e233e42f53bbbc6961caeb492986e9f3aeacd30be811467583203873bad2",
                "sha256:d6f4be832d97836d62ac0c148026ec021f9f36481f38e455b51538fcd949ed2a",
                "sha256:dd5ccc036b0f4721b98e1c03ccc604e7f3e1db53866ccc92b2add40ace1782f7",
                "sha256:dde59d2f06297fc4e70b2bae6e4a6b3ce89ca89697ab2c41e641abae3be96b0c",
                "sha256:e4be7d865cb5161824e12db71cee83290ab72b3523566371a30d6ba1bd63402a",
                "sha256:e97af10b6f13a498de197fb852e9242064217c25dfca79ebe7ad0cf2b0dd0cb7",
                "sha256:f2d70b7f0b485f85141bbc518d0581ae96b912d9f8b070eaf68a9beef8eb1e60",
                "sha256:f3e651f04b7510fae7d4706a4600cd43457f015df08702ece82a71339fc15c3d",
                "sha256:f63535d51e039a984b2fb67ff87057ffe4216d4757c3cedf2fc846af88253cb7",
                "sha256:f881e2d8a022e9285aa2eab6ba8674358dbcb2b57fa68618d88d62937ac3ff04",
                "sha256:fadebaddd3eb71a5c986f0bdc7bb28b072bfc585c141eef37474fc66d1830b0a",
                "sha256:fb1632b27e12c0b0df62f924c362206daf246a42c0080e959dd465810dc3482e",
                "sha256:fecf83b2ef3cbce4f5cc573df6f6ded565e5e27c1af84038bae5ade306686d82"
            ],
            "index": "pypi",
            "version": "==5.6.0"
        }
    },
    "develop": {}
}
