{
    "_meta": {
        "hash": {
            "sha256": "23b4130d9ceb9204e2487a5f5410a6fb0d59653528b0198e933b089cdf2c3c8a"
        },
        "pipfile-spec": 6,
        "requires": {
            "python_version": "3.10"
        },
        "sources": [
            {
                "name": "pypi",
                "url": "https://pypi.org/simple",
                "verify_ssl": true
            },
            {
                "name": "my-private-packages",
                "url": "https://username:pwd@private-package-host/simple",
                "verify_ssl": true
            }
        ]
    },
    "default": {
        "flake8": {
            "hashes": [
                "sha256:3833794e27ff64ea4e9cf5d410082a8b97ff1a06c16aa3d2027339cd0f1195c7",
                "sha256:c61007e76655af75e6785a931f452915b371dc48f56efd765247c8fe68f2b181"
            ],
            "markers": "python_full_version >= '3.8.1'",
            "version": "==6.0.0"
        },
        "mypackage": {
            "hashes": [
                "sha256:a503b5e54d4ee6af1184c490083a018c594b3f7e6953fb4ad4459f3207a69399"
            ],
            "index": "my-private-packages",
            "version": "==1.2.1"
        },
        "mccabe": {
            "hashes": [
                "sha256:348e0240c33b60bbdf4e523192ef919f28cb2c3d7d5c7794f74009290f236325",
                "sha256:6c2d30ab6be0e4a46919781807b4f0d834ebdd6c6e3dca0bda5a15f863427b6e"
            ],
            "markers": "python_version >= '3.6'",
            "version": "==0.7.0"
        },
        "numpy": {
            "hashes": [
                "sha256:003a9f530e880cb2cd177cba1af7220b9aa42def9c4afc2a2fc3ee6be7eb2b22",
                "sha256:150947adbdfeceec4e5926d956a06865c1c690f2fd902efede4ca6fe2e657c3f",
                "sha256:2620e8592136e073bd12ee4536149380695fbe9ebeae845b81237f986479ffc9",
                "sha256:2eabd64ddb96a1239791da78fa5f4e1693ae2dadc82a76bc76a14cbb2b966e96",
                "sha256:4173bde9fa2a005c2c6e2ea8ac1618e2ed2c1c6ec8a7657237854d42094123a0",
                "sha256:4199e7cfc307a778f72d293372736223e39ec9ac096ff0a2e64853b866a8e18a",
                "sha256:4cecaed30dc14123020f77b03601559fff3e6cd0c048f8b5289f4eeabb0eb281",
                "sha256:557d42778a6869c2162deb40ad82612645e21d79e11c1dc62c6e82a2220ffb04",
                "sha256:63e45511ee4d9d976637d11e6c9864eae50e12dc9598f531c035265991910468",
                "sha256:6524630f71631be2dabe0c541e7675db82651eb998496bbe16bc4f77f0772253",
                "sha256:76807b4063f0002c8532cfeac47a3068a69561e9c8715efdad3c642eb27c0756",
                "sha256:7de8fdde0003f4294655aa5d5f0a89c26b9f22c0a58790c38fae1ed392d44a5a",
                "sha256:889b2cc88b837d86eda1b17008ebeb679d82875022200c6e8e4ce6cf549b7acb",
                "sha256:92011118955724465fb6853def593cf397b4a1367495e0b59a7e69d40c4eb71d",
                "sha256:97cf27e51fa078078c649a51d7ade3c92d9e709ba2bfb97493007103c741f1d0",
                "sha256:9a23f8440561a633204a67fb44617ce2a299beecf3295f0d13c495518908e910",
                "sha256:a51725a815a6188c662fb66fb32077709a9ca38053f0274640293a14fdd22978",
                "sha256:a77d3e1163a7770164404607b7ba3967fb49b24782a6ef85d9b5f54126cc39e5",
                "sha256:adbdce121896fd3a17a77ab0b0b5eedf05a9834a18699db6829a64e1dfccca7f",
                "sha256:c29e6bd0ec49a44d7690ecb623a8eac5ab8a923bce0bea6293953992edf3a76a",
                "sha256:c72a6b2f4af1adfe193f7beb91ddf708ff867a3f977ef2ec53c0ffb8283ab9f5",
                "sha256:d0a2db9d20117bf523dde15858398e7c0858aadca7c0f088ac0d6edd360e9ad2",
                "sha256:e3ab5d32784e843fc0dd3ab6dcafc67ef806e6b6828dc6af2f689be0eb4d781d",
                "sha256:e428c4fbfa085f947b536706a2fc349245d7baa8334f0c5723c56a10595f9b95",
                "sha256:e8d2859428712785e8a8b7d2b3ef0a1d1565892367b32f915c4a4df44d0e64f5",
                "sha256:eef70b4fc1e872ebddc38cddacc87c19a3709c0e3e5d20bf3954c147b1dd941d",
                "sha256:f64bb98ac59b3ea3bf74b02f13836eb2e24e48e0ab0145bbda646295769bd780",
                "sha256:f9006288bcf4895917d02583cf3411f98631275bc67cce355a7f39f8c14338fa"
            ],
            "markers": "python_version >= '3.10'",
            "version": "==1.24.2"
        },
        "pandas": {
            "hashes": [
                "sha256:14e45300521902689a81f3f41386dc86f19b8ba8dd5ac5a3c7010ef8d2932813",
                "sha256:26d9c71772c7afb9d5046e6e9cf42d83dd147b5cf5bcb9d97252077118543792",
                "sha256:3749077d86e3a2f0ed51367f30bf5b82e131cc0f14260c4d3e499186fccc4406",
                "sha256:41179ce559943d83a9b4bbacb736b04c928b095b5f25dd2b7389eda08f46f373",
                "sha256:478ff646ca42b20376e4ed3fa2e8d7341e8a63105586efe54fa2508ee087f328",
                "sha256:50869a35cbb0f2e0cd5ec04b191e7b12ed688874bd05dd777c19b28cbea90996",
                "sha256:565fa34a5434d38e9d250af3c12ff931abaf88050551d9fbcdfafca50d62babf",
                "sha256:5f2b952406a1588ad4cad5b3f55f520e82e902388a6d5a4a91baa8d38d23c7f6",
                "sha256:5fbcb19d6fceb9e946b3e23258757c7b225ba450990d9ed63ccceeb8cae609f7",
                "sha256:6973549c01ca91ec96199e940495219c887ea815b2083722821f1d7abfa2b4dc",
                "sha256:74a3fd7e5a7ec052f183273dc7b0acd3a863edf7520f5d3a1765c04ffdb3b0b1",
                "sha256:7a0a56cef15fd1586726dace5616db75ebcfec9179a3a55e78f72c5639fa2a23",
                "sha256:7cec0bee9f294e5de5bbfc14d0573f65526071029d036b753ee6507d2a21480a",
                "sha256:87bd9c03da1ac870a6d2c8902a0e1fd4267ca00f13bc494c9e5a9020920e1d51",
                "sha256:972d8a45395f2a2d26733eb8d0f629b2f90bebe8e8eddbb8829b180c09639572",
                "sha256:9842b6f4b8479e41968eced654487258ed81df7d1c9b7b870ceea24ed9459b31",
                "sha256:9f69c4029613de47816b1bb30ff5ac778686688751a5e9c99ad8c7031f6508e5",
                "sha256:a50d9a4336a9621cab7b8eb3fb11adb82de58f9b91d84c2cd526576b881a0c5a",
                "sha256:bc4c368f42b551bf72fac35c5128963a171b40dce866fb066540eeaf46faa003",
                "sha256:c39a8da13cede5adcd3be1182883aea1c925476f4e84b2807a46e2775306305d",
                "sha256:c3ac844a0fe00bfaeb2c9b51ab1424e5c8744f89860b138434a363b1f620f354",
                "sha256:c4c00e0b0597c8e4f59e8d461f797e5d70b4d025880516a8261b2817c47759ee",
                "sha256:c74a62747864ed568f5a82a49a23a8d7fe171d0c69038b38cedf0976831296fa",
                "sha256:dd05f7783b3274aa206a1af06f0ceed3f9b412cf665b7247eacd83be41cf7bf0",
                "sha256:dfd681c5dc216037e0b0a2c821f5ed99ba9f03ebcf119c7dac0e9a7b960b9ec9",
                "sha256:e474390e60ed609cec869b0da796ad94f420bb057d86784191eefc62b65819ae",
                "sha256:f76d097d12c82a535fda9dfe5e8dd4127952b45fea9b0276cb30cca5ea313fbc"
            ],
            "index": "pypi",
            "version": "==1.5.3"
        },
        "pycodestyle": {
            "hashes": [
                "sha256:347187bdb476329d98f695c213d7295a846d1152ff4fe9bacb8a9590b8ee7053",
                "sha256:8a4eaf0d0495c7395bdab3589ac2db602797d76207242c17d470186815706610"
            ],
            "markers": "python_version >= '3.6'",
            "version": "==2.10.0"
        },
        "pydantic": {
            "hashes": [
                "sha256:1fd326aff5d6c36f05735c7c9b3d5b0e933b4ca52ad0b6e4b38038d82703d35b",
                "sha256:2185a3b3d98ab4506a3f6707569802d2d92c3a7ba3a9a35683a7709ea6c2aaa2",
                "sha256:261f357f0aecda005934e413dfd7aa4077004a174dafe414a8325e6098a8e419",
                "sha256:305d0376c516b0dfa1dbefeae8c21042b57b496892d721905a6ec6b79494a66d",
                "sha256:3257bd714de9db2102b742570a56bf7978e90441193acac109b1f500290f5718",
                "sha256:3353072625ea2a9a6c81ad01b91e5c07fa70deb06368c71307529abf70d23325",
                "sha256:36e44a4de37b8aecffa81c081dbfe42c4d2bf9f6dff34d03dce157ec65eb0f15",
                "sha256:3bb99cf9655b377db1a9e47fa4479e3330ea96f4123c6c8200e482704bf1eda2",
                "sha256:3f9d9b2be177c3cb6027cd67fbf323586417868c06c3c85d0d101703136e6b31",
                "sha256:45edea10b75d3da43cfda12f3792833a3fa70b6eee4db1ed6aed528cef17c74e",
                "sha256:51782fd81f09edcf265823c3bf43ff36d00db246eca39ee765ef58dc8421a642",
                "sha256:532e97c35719f137ee5405bd3eeddc5c06eb91a032bc755a44e34a712420daf3",
                "sha256:58e41dd1e977531ac6073b11baac8c013f3cd8706a01d3dc74e86955be8b2c0c",
                "sha256:5920824fe1e21cbb3e38cf0f3dd24857c8959801d1031ce1fac1d50857a03bfb",
                "sha256:5f3bc8f103b56a8c88021d481410874b1f13edf6e838da607dcb57ecff9b4594",
                "sha256:63200cd8af1af2c07964546b7bc8f217e8bda9d0a2ef0ee0c797b36353914984",
                "sha256:663d2dd78596c5fa3eb996bc3f34b8c2a592648ad10008f98d1348be7ae212fb",
                "sha256:6a4b0aab29061262065bbdede617ef99cc5914d1bf0ddc8bcd8e3d7928d85bd6",
                "sha256:6bb0452d7b8516178c969d305d9630a3c9b8cf16fcf4713261c9ebd465af0d73",
                "sha256:72ef3783be8cbdef6bca034606a5de3862be6b72415dc5cb1fb8ddbac110049a",
                "sha256:76c930ad0746c70f0368c4596020b736ab65b473c1f9b3872310a835d852eb19",
                "sha256:7c5b94d598c90f2f46b3a983ffb46ab806a67099d118ae0da7ef21a2a4033b28",
                "sha256:7ce1612e98c6326f10888df951a26ec1a577d8df49ddcaea87773bfbe23ba5cc",
                "sha256:8481dca324e1c7b715ce091a698b181054d22072e848b6fc7895cd86f79b4449",
                "sha256:87f831e81ea0589cd18257f84386bf30154c5f4bed373b7b75e5cb0b5d53ea87",
                "sha256:9a9d9155e2a9f38b2eb9374c88f02fd4d6851ae17b65ee786a87d032f87008f8",
                "sha256:9e337ac83686645a46db0e825acceea8e02fca4062483f40e9ae178e8bd1103a",
                "sha256:b429f7c457aebb7fbe7cd69c418d1cd7c6fdc4d3c8697f45af78b8d5a7955760",
                "sha256:b473d00ccd5c2061fd896ac127b7755baad233f8d996ea288af14ae09f8e0d1e",
                "sha256:bd46a0e6296346c477e59a954da57beaf9c538da37b9df482e50f836e4a7d4bb",
                "sha256:c428c0f64a86661fb4873495c4fac430ec7a7cef2b8c1c28f3d1a7277f9ea5ab",
                "sha256:c9e5b778b6842f135902e2d82624008c6a79710207e28e86966cd136c621bfee",
                "sha256:ca9075ab3de9e48b75fa8ccb897c34ccc1519177ad8841d99f7fd74cf43be5bf",
                "sha256:f582cac9d11c227c652d3ce8ee223d94eb06f4228b52a8adaafa9fa62e73d5c9",
                "sha256:f5bee6c523d13944a1fdc6f0525bc86dbbd94372f17b83fa6331aabacc8fd08e",
                "sha256:f836444b4c5ece128b23ec36a446c9ab7f9b0f7981d0d27e13a7c366ee163f8a"
            ],
            "index": "pypi",
            "version": "==1.10.5"
        },
        "pyflakes": {
            "hashes": [
                "sha256:ec55bf7fe21fff7f1ad2f7da62363d749e2a470500eab1b555334b67aa1ef8cf",
                "sha256:ec8b276a6b60bd80defed25add7e439881c19e64850afd9b346283d4165fd0fd"
            ],
            "markers": "python_version >= '3.6'",
            "version": "==3.0.1"
        },
        "python-dateutil": {
            "hashes": [
                "sha256:0123cacc1627ae19ddf3c27a5de5bd67ee4586fbdd6440d9748f8abb483d3e86",
                "sha256:961d03dc3453ebbc59dbdea9e4e11c5651520a876d0f4db161e8674aae935da9"
            ],
            "markers": "python_version >= '2.7' and python_version not in '3.0, 3.1, 3.2, 3.3'",
            "version": "==2.8.2"
        },
        "pytz": {
            "hashes": [
                "sha256:01a0681c4b9684a28304615eba55d1ab31ae00bf68ec157ec3708a8182dbbcd0",
                "sha256:78f4f37d8198e0627c5f1143240bb0206b8691d8d7ac6d78fee88b78733f8c4a"
            ],
            "version": "==2022.7.1"
        },
        "six": {
            "hashes": [
                "sha256:1e61c37477a1626458e36f7b1d82aa5c9b094fa4802892072e49de9c60c4c926",
                "sha256:8abb2f1d86890a2dfb989f9a77cfcfd3e47c2a354b01111771326f8aa26e0254"
            ],
            "markers": "python_version >= '2.7' and python_version not in '3.0, 3.1, 3.2, 3.3'",
            "version": "==1.16.0"
        },
        "typing-extensions": {
            "hashes": [
                "sha256:5cb5f4a79139d699607b3ef622a1dedafa84e115ab0024e0d9c044a9479ca7cb",
                "sha256:fb33085c39dd998ac16d1431ebc293a8b3eedd00fd4a32de0ff79002c19511b4"
            ],
            "markers": "python_version >= '3.7'",
            "version": "==4.5.0"
        },
        "ujson": {
            "hashes": [
                "sha256:04a8c388b2d16316df3365c81f368955662581f6a4ff033e9aba2dd1ffc9e05e",
                "sha256:080da13f81740c076e5f16c254a10d0e32f45d225a5e6b0687a86493cfcfbafb",
                "sha256:0b47a138203bb06bdac03b2a89ac9b2993fd32cb7daded06c966dd84300a5786",
                "sha256:102b8eb5e15e6c5537426414d180c28dbf0489e51f7c22b706511ac84aae4458",
                "sha256:11f735870f189bff1841c720115226894415ab6a7796dee8ab46bc767ea2e743",
                "sha256:163191b88842d874e081707d35de2e205e0e396e70fd068d1038879bca8b17ad",
                "sha256:25522c674b35c33f375586ac98d92ce731e79059424507ecbccbfcbce832d597",
                "sha256:27a254a150e46980608b16ef3b609e703173492cfa738f4644c81d7e7d77494c",
                "sha256:2c04456de1fc92cc7062904c176c74e6ea220469b949508be42e819646a28457",
                "sha256:2c7712da662b92f80442a8efc0df09cea3a5efb42b0dd6a642e36b1b40a260d4",
                "sha256:350a3010db0045e1306bbdf889d1bdaee9bb095856c317716f0a74108cf4afe9",
                "sha256:468d7d8dcbafc3fd40cc73e4a533a7a1d4f935f605c15ae6cac32c6d53c4c6aa",
                "sha256:489d495431c80dc0048c4551a0d6cdbf1209e2d274f47c3f72415c91842eeb68",
                "sha256:49ce8521b0cdf210481bd89887fd1bd0a975f66088b1256dafc77c67c8ccb89d",
                "sha256:4d1ed3897e45477b2a4a1371186df299b13938d4d44d850953a4bb0ea4cb38f3",
                "sha256:54ee7c46615b42f7ae9dca90f54d204a4d2041a4c926b08fffa953aa3a246e54",
                "sha256:584c558c23ddc21f5b07d2c54ee527731bd9716101c27829023ab7f3ffbaa8fc",
                "sha256:6227597d0201ceadc902d1a8edaffaeb244050b197368ed25e6f6be0df170a6f",
                "sha256:6677bee8690c71f5e6cf519a6d8400f04fbd3ff9f6c50f35f1b664bc94546f84",
                "sha256:6b455a62bd20e890b2124a65df45313b4292dbea851ef38574e5e2de94691ad5",
                "sha256:6c5bbe6de6c9a5fe8dca56e36fb5c4a42e1a01d4aae1ac20cd8d7d82ccff9430",
                "sha256:729af63e4de30c54b527b54b4100266f79833c1e8ba35e784f01b44c2aca88d8",
                "sha256:754e9da96a24535ae5ab2a52e1d1dfc65a6a717c14063855b83f327fdf2173ea",
                "sha256:75a886bd89d8e5a004a39a6c5dc8a43bb7fcf05129d2dccd16a59602a612823a",
                "sha256:8c3f7578a62d9255650ef32e78d3345e98262e064c9ba3f205311b4c9eb507a6",
                "sha256:90de04391916c5adc7bbcc69bd778e263ed45cc83c070099cb07ed25068d6a12",
                "sha256:940f35e9a0969440621445dbb6adffaa2cea77d0262abc74fce78704120c4534",
                "sha256:9acc874128baddeff908736db251597e4cbd007a384730377a59a61b08886599",
                "sha256:a1a55b3310632661a03ce68ccfb92264031aea21626d6fa5c8f6c32e769be7b6",
                "sha256:a3c6798035b574ceba747de83f3223a622622b7ab77a24f8b4fbea2cb92f14b0",
                "sha256:a5e374e793b0a3c7df20ee4c8234e89859ddb2b2821cc3300ae94ab5b08fa6d0",
                "sha256:a6f3ad3b11578bc4e25d5bd256c938fe2c7c015d8f504bc7835f127ed26a0818",
                "sha256:b3671e1dfc49a4b4453d89fd7438aa9d7cca28afe329c70eba84e2a5778dbf3f",
                "sha256:b5fcbaabf3d115cb816eb165f3fa5de5c5bc795473a554ae55620d134ddf2d36",
                "sha256:bc1a619bad9894dad144184b735c98179c7d92d7b40fbda28eb8b0857bdfdf52",
                "sha256:be909514a47b6272e34cd1213feee324ca35a354e07f1ae3aba12d3694a5279f",
                "sha256:c519743a53bbe8aac6b743bcf50eb83057d1e0341e1ca8f8491f729a885af640",
                "sha256:c549d5a7652c3a0dd00ef6ff910fb01878bc116c66c94ac455a55cffa32cc229",
                "sha256:d1e5c635b7c3465ab8d2e3dc97c341ef1801c53a378f1d1d4cb934f6c90ec66c",
                "sha256:d2357ce7d93eadd29b6efbe72228809948cc59ec6682c20fa6de08aeef1703f8",
                "sha256:d38c2a58c892c680080b22b59eebd77b7c6f4ae24361111fba115f9ed3651dcf",
                "sha256:d57a87bbc77d66b8a2b74bab66357c3bb6194f5d248f1053fb8044787abde73f",
                "sha256:d9b1c3d2b22c040a81ff4e5927ce307919f7ac8bf888afded714d925edc8d0a4",
                "sha256:dc5fd1d5b48edd3cc64e89ea94abe231509fdc938bdeafafe9aef3a05810159f",
                "sha256:dc71ead5706e81fdf1054c8c11e4aaab43527da450a2701213c20717852d1a51",
                "sha256:e53388fb092197cb8f956673792aca994872917d897ca42a0abf7a35e293575a",
                "sha256:e991b7b3a08ac9e9d3a51589ef1c359c8d44ece730351cfac055684bf3787372",
                "sha256:ed78a5b169ece75a1e1368935ce6ab051dcbcd5c158b9796b2f1fa6cc467a651",
                "sha256:ef868bf01851869a26c0ca5f88036903836c3a6b463c74d96b37f294f6bdeea4",
                "sha256:fb4555df1fe018806ba14cc38786269c8e213930103c6d0ac81e506d09d1de7e"
            ],
            "index": "pypi",
            "version": "==5.2.1"
        }
    },
    "develop": {}
}
