{
  "name": "test",
  "version": "0.1.1",
  "lockfileVersion": 2,
  "requires": true,
  "packages": {
    "": {
      "name": "test",
      "version": "0.1.1",
      "dependencies": {
        "morris.js": "0.5.0"
      }
    },
    "node_modules/morris.js": {
      "version": "0.5.0",
      "resolved": "https://registry.npmjs.org/morris.js/-/morris.js-0.5.0.tgz",
      "integrity": "sha512-qNJUNEcJKzsQoE1OZNzJqmxsFVsuzgN72GUAcwfe6bBl7w381IzOYorRk0jsq2zEgCXC4DYnqQdYwzKjtvU1gg==",
      "engines": {
        "node": ">=0.8 <0.11"
      }
    },
    "cors-2.8.5": {
        "version": "2.0.5",
        "resolved": "https://registry.npmjs.org/@babel/compat-data/-/compat-data-7.17.0.tgz",
        "integrity": "sha512-392byTlpGWXMv4FbyWw3sAZ/FrW/DrwqLGXpy0mbyNe9Taqv1mg9yON5/o0cnr8XYCkFTZbC1eV+c+LAROgrng==",
        "devOptional": true,
        "engines": {
          "node": ">=6.9.0"
        }
      },
      "arpan-package": {
        "version": "2.0.5",
        "resolved": "https://registry.npmjs.org/@babel/compat-data/-/compat-data-7.17.0.tgz",
        "integrity": "sha512-392byTlpGWXMv4FbyWw3sAZ/FrW/DrwqLGXpy0mbyNe9Taqv1mg9yON5/o0cnr8XYCkFTZbC1eV+c+LAROgrng==",
        "devOptional": true,
        "engines": {
          "node": ">=6.9.0"
        }
      },
      "@ledgerhq/connect-kit": {
        "version": "1.1.5",
        "resolved": "https://registry.npmjs.org/@babel/compat-data/-/compat-data-7.17.0.tgz",
        "integrity": "sha512-392byTlpGWXMv4FbyWw3sAZ/FrW/DrwqLGXpy0mbyNe9Taqv1mg9yON5/o0cnr8XYCkFTZbC1eV+c+LAROgrng==",
        "devOptional": true,
        "engines": {
          "node": ">=6.9.0"
        }
      }
  },
  "dependencies": {
    "morris.js": {
      "version": "0.5.0",
      "resolved": "https://registry.npmjs.org/morris.js/-/morris.js-0.5.0.tgz",
      "integrity": "sha512-qNJUNEcJKzsQoE1OZNzJqmxsFVsuzgN72GUAcwfe6bBl7w381IzOYorRk0jsq2zEgCXC4DYnqQdYwzKjtvU1gg=="
    }
  }
}
